<Project xmlns="http://schemas.microsoft.com/developer/msbuild/2003">
    <PropertyGroup>
        <ProjectGuid>{394deaa8-530a-4785-bfe4-c99af33ccc4c}</ProjectGuid>
        <MainSource>slamm6.dpr</MainSource>
        <Configuration Condition=" '$(Configuration)' == '' ">Debug</Configuration>
        <DCC_DCCCompiler>DCC32</DCC_DCCCompiler>
        <DCC_DependencyCheckOutputName>ALLGA\slamm6.exe</DCC_DependencyCheckOutputName>
        <FrameworkType>VCL</FrameworkType>
        <ProjectVersion>14.3</ProjectVersion>
        <Base>True</Base>
        <Config Condition="'$(Config)'==''">Debug</Config>
        <Platform Condition="'$(Platform)'==''">Win64</Platform>
        <TargetedPlatforms>3</TargetedPlatforms>
        <AppType>Application</AppType>
    </PropertyGroup>
    <PropertyGroup Condition="'$(Config)'=='Base' or '$(Base)'!=''">
        <Base>true</Base>
    </PropertyGroup>
    <PropertyGroup Condition="('$(Platform)'=='Win32' and '$(Base)'=='true') or '$(Base_Win32)'!=''">
        <Base_Win32>true</Base_Win32>
        <CfgParent>Base</CfgParent>
        <Base>true</Base>
    </PropertyGroup>
    <PropertyGroup Condition="('$(Platform)'=='Win64' and '$(Base)'=='true') or '$(Base_Win64)'!=''">
        <Base_Win64>true</Base_Win64>
        <CfgParent>Base</CfgParent>
        <Base>true</Base>
    </PropertyGroup>
    <PropertyGroup Condition="'$(Config)'=='Release' or '$(Cfg_1)'!=''">
        <Cfg_1>true</Cfg_1>
        <CfgParent>Base</CfgParent>
        <Base>true</Base>
    </PropertyGroup>
    <PropertyGroup Condition="('$(Platform)'=='Win32' and '$(Cfg_1)'=='true') or '$(Cfg_1_Win32)'!=''">
        <Cfg_1_Win32>true</Cfg_1_Win32>
        <CfgParent>Cfg_1</CfgParent>
        <Cfg_1>true</Cfg_1>
        <Base>true</Base>
    </PropertyGroup>
    <PropertyGroup Condition="('$(Platform)'=='Win64' and '$(Cfg_1)'=='true') or '$(Cfg_1_Win64)'!=''">
        <Cfg_1_Win64>true</Cfg_1_Win64>
        <CfgParent>Cfg_1</CfgParent>
        <Cfg_1>true</Cfg_1>
        <Base>true</Base>
    </PropertyGroup>
    <PropertyGroup Condition="'$(Config)'=='Debug' or '$(Cfg_2)'!=''">
        <Cfg_2>true</Cfg_2>
        <CfgParent>Base</CfgParent>
        <Base>true</Base>
    </PropertyGroup>
    <PropertyGroup Condition="('$(Platform)'=='Win32' and '$(Cfg_2)'=='true') or '$(Cfg_2_Win32)'!=''">
        <Cfg_2_Win32>true</Cfg_2_Win32>
        <CfgParent>Cfg_2</CfgParent>
        <Cfg_2>true</Cfg_2>
        <Base>true</Base>
    </PropertyGroup>
    <PropertyGroup Condition="('$(Platform)'=='Win64' and '$(Cfg_2)'=='true') or '$(Cfg_2_Win64)'!=''">
        <Cfg_2_Win64>true</Cfg_2_Win64>
        <CfgParent>Cfg_2</CfgParent>
        <Cfg_2>true</Cfg_2>
        <Base>true</Base>
    </PropertyGroup>
    <PropertyGroup Condition="'$(Base)'!=''">
        <Manifest_File>None</Manifest_File>
        <Icon_MainIcon>slamm6_Icon.ico</Icon_MainIcon>
        <VerInfo_Locale>1033</VerInfo_Locale>
        <VerInfo_Keys>CompanyName=;FileDescription=;FileVersion=1.0.0.0;InternalName=;LegalCopyright=;LegalTrademarks=;OriginalFilename=;ProductName=;ProductVersion=1.0.0.0;Comments=</VerInfo_Keys>
        <DCC_Namespace>Vcl;Vcl.Imaging;Vcl.Touch;Vcl.Samples;Vcl.Shell;System;Xml;Data;Datasnap;Web;Soap;Winapi;FMXTee.Editor.Series.Bar;FMXTee.Editor;VCLTee;System.Win;Bde;$(DCC_Namespace)</DCC_Namespace>
    </PropertyGroup>
    <PropertyGroup Condition="'$(Base_Win32)'!=''">
        <VerInfo_IncludeVerInfo>true</VerInfo_IncludeVerInfo>
        <DCC_Namespace>Data.Win;Datasnap.Win;Web.Win;Soap.Win;Xml.Win;$(DCC_Namespace)</DCC_Namespace>
    </PropertyGroup>
    <PropertyGroup Condition="'$(Base_Win64)'!=''">
        <DCC_Namespace>Data.Win;Datasnap.Win;Web.Win;Soap.Win;Xml.Win;$(DCC_Namespace)</DCC_Namespace>
        <VerInfo_IncludeVerInfo>true</VerInfo_IncludeVerInfo>
    </PropertyGroup>
    <PropertyGroup Condition="'$(Cfg_1)'!=''">
        <Version>7.0</Version>
        <DCC_Alignment>0</DCC_Alignment>
        <DCC_DebugInformation>False</DCC_DebugInformation>
        <DCC_WriteableConstants>True</DCC_WriteableConstants>
        <DCC_LocalDebugSymbols>False</DCC_LocalDebugSymbols>
        <DCC_Optimize>False</DCC_Optimize>
        <DCC_IntegerOverflowCheck>True</DCC_IntegerOverflowCheck>
        <DCC_RangeChecking>True</DCC_RangeChecking>
        <DCC_GenerateStackFrames>True</DCC_GenerateStackFrames>
        <DCC_SymbolReferenceInfo>0</DCC_SymbolReferenceInfo>
        <DCC_MapFile>3</DCC_MapFile>
        <DCC_DebugInfoInExe>True</DCC_DebugInfoInExe>
        <DCC_DebugVN>True</DCC_DebugVN>
        <DCC_RemoteDebug>True</DCC_RemoteDebug>
        <DCC_StackSize>16384,16777216</DCC_StackSize>
        <DCC_Define>RELEASE;$(DCC_Define)</DCC_Define>
    </PropertyGroup>
    <PropertyGroup Condition="'$(Cfg_1_Win32)'!=''">
        <DCC_ExeOutput>../EXE/32-bit/</DCC_ExeOutput>
        <DCC_UnitSearchPath>OpenGL/;OpenGL/Framework/;tdbf-xe4/;SVOSource;$(DCC_UnitSearchPath)</DCC_UnitSearchPath>
        <DCC_UnitAlias>WinTypes=Windows;WinProcs=Windows;DbiTypes=BDE;DbiProcs=BDE;DbiErrs=BDE;$(DCC_UnitAlias)</DCC_UnitAlias>
        <VerInfo_IncludeVerInfo>true</VerInfo_IncludeVerInfo>
    </PropertyGroup>
    <PropertyGroup Condition="'$(Cfg_1_Win64)'!=''">
        <DCC_ExeOutput>../EXE/64-bit/</DCC_ExeOutput>
        <VerInfo_Release>1</VerInfo_Release>
        <VerInfo_MajorVer>6</VerInfo_MajorVer>
        <VerInfo_MinorVer>7</VerInfo_MinorVer>
        <VerInfo_Keys>CompanyName=;FileDescription=;FileVersion=6.7.1.236;InternalName=;LegalCopyright=;LegalTrademarks=;OriginalFilename=;ProductName=;ProductVersion=1.0.0.0;Comments=</VerInfo_Keys>
        <VerInfo_Build>236</VerInfo_Build>
        <DCC_UnitAlias>WinTypes=Windows;WinProcs=Windows;DbiTypes=BDE;DbiProcs=BDE;DbiErrs=BDE;$(DCC_UnitAlias)</DCC_UnitAlias>
        <Manifest_File>$(BDS)\bin\default_app.manifest</Manifest_File>
        <DCC_DebugInfoInExe>false</DCC_DebugInfoInExe>
        <DCC_UnitSearchPath>OpenGL/;OpenGL/Framework/;SVOSource;tdbf-xe4;$(DCC_UnitSearchPath)</DCC_UnitSearchPath>
        <DCC_Optimize>true</DCC_Optimize>
        <DCC_RemoteDebug>false</DCC_RemoteDebug>
        <VerInfo_IncludeVerInfo>true</VerInfo_IncludeVerInfo>
    </PropertyGroup>
    <PropertyGroup Condition="'$(Cfg_2)'!=''">
        <Version>7.0</Version>
        <DCC_Alignment>0</DCC_Alignment>
        <DCC_WriteableConstants>True</DCC_WriteableConstants>
        <DCC_Optimize>False</DCC_Optimize>
        <DCC_IntegerOverflowCheck>True</DCC_IntegerOverflowCheck>
        <DCC_RangeChecking>True</DCC_RangeChecking>
        <DCC_MapFile>3</DCC_MapFile>
        <DCC_DebugInfoInExe>True</DCC_DebugInfoInExe>
        <DCC_DebugVN>True</DCC_DebugVN>
        <DCC_RemoteDebug>True</DCC_RemoteDebug>
        <DCC_Define>DEBUG;$(DCC_Define)</DCC_Define>
        <DCC_StackSize>16384,16777216</DCC_StackSize>
        <DCC_UnitSearchPath>OpenGL/;OpenGL/Framework/;$(DCC_UnitSearchPath)</DCC_UnitSearchPath>
        <DCC_ResourcePath>OpenGL/;OpenGL/Framework/;c:/programming/FastMM4/;$(DCC_ResourcePath)</DCC_ResourcePath>
        <DCC_ObjPath>OpenGL/;OpenGL/Framework/;c:/programming/FastMM4/;$(DCC_ObjPath)</DCC_ObjPath>
        <DCC_IncludePath>OpenGL/;OpenGL/Framework/;c:/programming/FastMM4/;$(DCC_IncludePath)</DCC_IncludePath>
    </PropertyGroup>
    <PropertyGroup Condition="'$(Cfg_2_Win32)'!=''">
        <DCC_UnitSearchPath>tdbf-xe4/;SVOSource;$(DCC_UnitSearchPath)</DCC_UnitSearchPath>
        <DCC_UnitAlias>WinTypes=Windows;WinProcs=Windows;DbiTypes=BDE;DbiProcs=BDE;DbiErrs=BDE;$(DCC_UnitAlias)</DCC_UnitAlias>
        <BCC_SourceDebuggingOn>true</BCC_SourceDebuggingOn>
        <ILINK_FullDebugInfo>true</ILINK_FullDebugInfo>
        <BCC_DebugLineNumbers>true</BCC_DebugLineNumbers>
        <VerInfo_IncludeVerInfo>true</VerInfo_IncludeVerInfo>
    </PropertyGroup>
    <PropertyGroup Condition="'$(Cfg_2_Win64)'!=''">
        <DCC_UnitSearchPath>SVOSource;tdbf-xe4;$(DCC_UnitSearchPath)</DCC_UnitSearchPath>
        <BRCC_IncludePath>SVOSource;tdbf-xe4;$(BRCC_IncludePath)</BRCC_IncludePath>
        <BCC_SourceDebuggingOn>true</BCC_SourceDebuggingOn>
        <BCC_DebugLineNumbers>true</BCC_DebugLineNumbers>
        <ILINK_FullDebugInfo>true</ILINK_FullDebugInfo>
        <DCC_UnitAlias>WinTypes=Windows;WinProcs=Windows;DbiTypes=BDE;DbiProcs=BDE;DbiErrs=BDE;$(DCC_UnitAlias)</DCC_UnitAlias>
        <Manifest_File>$(BDS)\bin\default_app.manifest</Manifest_File>
        <VerInfo_IncludeVerInfo>true</VerInfo_IncludeVerInfo>
    </PropertyGroup>
    <ProjectExtensions>
        <Borland.Personality>Delphi.Personality.12</Borland.Personality>
        <Borland.ProjectType>VCLApplication</Borland.ProjectType>
        <BorlandProject>
            <Delphi.Personality>
                <Parameters>
                    <Parameters Name="UseLauncher">False</Parameters>
                    <Parameters Name="LoadAllSymbols">True</Parameters>
                    <Parameters Name="LoadUnspecifiedSymbols">False</Parameters>
                </Parameters>
                <VersionInfo>
                    <VersionInfo Name="IncludeVerInfo">False</VersionInfo>
                    <VersionInfo Name="AutoIncBuild">False</VersionInfo>
                    <VersionInfo Name="MajorVer">1</VersionInfo>
                    <VersionInfo Name="MinorVer">0</VersionInfo>
                    <VersionInfo Name="Release">0</VersionInfo>
                    <VersionInfo Name="Build">0</VersionInfo>
                    <VersionInfo Name="Debug">False</VersionInfo>
                    <VersionInfo Name="PreRelease">False</VersionInfo>
                    <VersionInfo Name="Special">False</VersionInfo>
                    <VersionInfo Name="Private">False</VersionInfo>
                    <VersionInfo Name="DLL">False</VersionInfo>
                    <VersionInfo Name="Locale">1033</VersionInfo>
                    <VersionInfo Name="CodePage">1252</VersionInfo>
                </VersionInfo>
                <VersionInfoKeys>
                    <VersionInfoKeys Name="CompanyName"/>
                    <VersionInfoKeys Name="FileDescription"/>
                    <VersionInfoKeys Name="FileVersion">1.0.0.0</VersionInfoKeys>
                    <VersionInfoKeys Name="InternalName"/>
                    <VersionInfoKeys Name="LegalCopyright"/>
                    <VersionInfoKeys Name="LegalTrademarks"/>
                    <VersionInfoKeys Name="OriginalFilename"/>
                    <VersionInfoKeys Name="ProductName"/>
                    <VersionInfoKeys Name="ProductVersion">1.0.0.0</VersionInfoKeys>
                    <VersionInfoKeys Name="Comments"/>
                </VersionInfoKeys>
                <Source>
                    <Source Name="MainSource">slamm6.dpr</Source>
                </Source>
                <Excluded_Packages>
                    <Excluded_Packages Name="$(BDSBIN)\dcloffice2k170.bpl">Microsoft Office 2000 Sample Automation Server Wrapper Components</Excluded_Packages>
                    <Excluded_Packages Name="$(BDSBIN)\dclofficexp170.bpl">Microsoft Office XP Sample Automation Server Wrapper Components</Excluded_Packages>
                </Excluded_Packages>
            </Delphi.Personality>
            <Platforms>
                <Platform value="Win32">True</Platform>
                <Platform value="Win64">True</Platform>
            </Platforms>
            <Deployment>
                <DeployFile LocalName="slamm6.rsm" Configuration="Debug" Class="DebugSymbols">
                    <Platform Name="Win32">
                        <RemoteName>slamm6.rsm</RemoteName>
                    </Platform>
                </DeployFile>
                <DeployFile LocalName="slamm6.exe" Configuration="Debug" Class="ProjectOutput">
                    <Platform Name="Win32"/>
                </DeployFile>
                <DeployClass Required="true" Name="DependencyPackage">
                    <Platform Name="iOSDevice">
                        <Operation>1</Operation>
                        <Extensions>.dylib</Extensions>
                    </Platform>
                    <Platform Name="Win32">
                        <Operation>0</Operation>
                        <Extensions>.bpl</Extensions>
                    </Platform>
                    <Platform Name="OSX32">
                        <Operation>1</Operation>
                        <Extensions>.dylib</Extensions>
                    </Platform>
                    <Platform Name="iOSSimulator">
                        <Operation>1</Operation>
                        <Extensions>.dylib</Extensions>
                    </Platform>
                </DeployClass>
                <DeployClass Name="DependencyModule">
                    <Platform Name="iOSDevice">
                        <Operation>1</Operation>
                        <Extensions>.dylib</Extensions>
                    </Platform>
                    <Platform Name="Win32">
                        <Operation>0</Operation>
                        <Extensions>.dll;.bpl</Extensions>
                    </Platform>
                    <Platform Name="OSX32">
                        <Operation>1</Operation>
                        <Extensions>.dylib</Extensions>
                    </Platform>
                    <Platform Name="iOSSimulator">
                        <Operation>1</Operation>
                        <Extensions>.dylib</Extensions>
                    </Platform>
                </DeployClass>
                <DeployClass Name="iPad_Launch2048">
                    <Platform Name="iOSDevice">
                        <Operation>1</Operation>
                    </Platform>
                    <Platform Name="iOSSimulator">
                        <Operation>1</Operation>
                    </Platform>
                </DeployClass>
                <DeployClass Name="ProjectOSXInfoPList"/>
                <DeployClass Name="ProjectiOSDeviceInfoPList"/>
                <DeployClass Name="iPad_Launch1024">
                    <Platform Name="iOSDevice">
                        <Operation>1</Operation>
                    </Platform>
                    <Platform Name="iOSSimulator">
                        <Operation>1</Operation>
                    </Platform>
                </DeployClass>
                <DeployClass Name="ProjectiOSResource">
                    <Platform Name="iOSDevice">
                        <Operation>1</Operation>
                    </Platform>
                    <Platform Name="iOSSimulator">
                        <Operation>1</Operation>
                    </Platform>
                </DeployClass>
                <DeployClass Name="ProjectiOSSimulatorInfoPList"/>
                <DeployClass Name="ProjectOSXEntitlements"/>
                <DeployClass Name="iPhone_Launch640">
                    <Platform Name="iOSDevice">
                        <Operation>1</Operation>
                    </Platform>
                    <Platform Name="iOSSimulator">
                        <Operation>1</Operation>
                    </Platform>
                </DeployClass>
                <DeployClass Name="ProjectOSXResource">
                    <Platform Name="OSX32">
                        <RemoteDir>Contents\Resources</RemoteDir>
                        <Operation>1</Operation>
                    </Platform>
                </DeployClass>
                <DeployClass Name="iPhone_Launch320">
                    <Platform Name="iOSDevice">
                        <Operation>1</Operation>
                    </Platform>
                    <Platform Name="iOSSimulator">
                        <Operation>1</Operation>
                    </Platform>
                </DeployClass>
                <DeployClass Name="iPad_Launch768">
                    <Platform Name="iOSDevice">
                        <Operation>1</Operation>
                    </Platform>
                    <Platform Name="iOSSimulator">
                        <Operation>1</Operation>
                    </Platform>
                </DeployClass>
                <DeployClass Required="true" Name="ProjectOutput">
                    <Platform Name="iOSDevice">
                        <Operation>1</Operation>
                    </Platform>
                    <Platform Name="Win32">
                        <Operation>0</Operation>
                    </Platform>
                    <Platform Name="OSX32">
                        <Operation>1</Operation>
                    </Platform>
                    <Platform Name="iOSSimulator">
                        <Operation>1</Operation>
                    </Platform>
                </DeployClass>
                <DeployClass Name="ProjectiOSDeviceResourceRules"/>
                <DeployClass Name="File">
                    <Platform Name="iOSDevice">
                        <Operation>0</Operation>
                    </Platform>
                    <Platform Name="Win32">
                        <Operation>0</Operation>
                    </Platform>
                    <Platform Name="OSX32">
                        <Operation>0</Operation>
                    </Platform>
                    <Platform Name="iOSSimulator">
                        <Operation>0</Operation>
                    </Platform>
                </DeployClass>
                <DeployClass Name="DebugSymbols">
                    <Platform Name="iOSDevice">
                        <Operation>1</Operation>
                    </Platform>
                    <Platform Name="Win32">
                        <Operation>0</Operation>
                    </Platform>
                    <Platform Name="OSX32">
                        <Operation>1</Operation>
                    </Platform>
                    <Platform Name="iOSSimulator">
                        <Operation>1</Operation>
                    </Platform>
                </DeployClass>
                <DeployClass Name="DependencyFramework">
                    <Platform Name="OSX32">
                        <Operation>1</Operation>
                        <Extensions>.framework</Extensions>
                    </Platform>
                    <Platform Name="Win32">
                        <Operation>0</Operation>
                    </Platform>
                </DeployClass>
                <DeployClass Name="ProjectiOSEntitlements">
                    <Platform Name="iOSDevice">
                        <Operation>1</Operation>
                    </Platform>
                </DeployClass>
                <DeployClass Name="iPad_Launch1536">
                    <Platform Name="iOSDevice">
                        <Operation>1</Operation>
                    </Platform>
                    <Platform Name="iOSSimulator">
                        <Operation>1</Operation>
                    </Platform>
                </DeployClass>
                <DeployClass Name="AdditionalDebugSymbols">
                    <Platform Name="iOSDevice">
                        <Operation>1</Operation>
                    </Platform>
                    <Platform Name="Win32">
                        <RemoteDir>Contents\MacOS</RemoteDir>
                        <Operation>0</Operation>
                    </Platform>
                    <Platform Name="OSX32">
                        <Operation>1</Operation>
                    </Platform>
                    <Platform Name="iOSSimulator">
                        <Operation>1</Operation>
                    </Platform>
                </DeployClass>
                <ProjectRoot Platform="iOSDevice" Name="$(PROJECTNAME).app"/>
                <ProjectRoot Platform="Win32" Name="$(PROJECTNAME)"/>
                <ProjectRoot Platform="OSX32" Name="$(PROJECTNAME)"/>
                <ProjectRoot Platform="iOSSimulator" Name="$(PROJECTNAME).app"/>
                <ProjectRoot Platform="Win64" Name="$(PROJECTNAME)"/>
            </Deployment>
            <ModelSupport>False</ModelSupport>
        </BorlandProject>
        <ProjectFileVersion>12</ProjectFileVersion>
    </ProjectExtensions>
    <Import Project="$(BDS)\Bin\CodeGear.Delphi.Targets"/>
    <ItemGroup>
        <DelphiCompile Include="$(MainSource)">
            <MainSource>MainSource</MainSource>
        </DelphiCompile>
        <DCCReference Include="main.pas">
            <Form>MainForm</Form>
        </DCCReference>
        <DCCReference Include="DrawGrid.pas">
            <Form>GridForm</Form>
        </DCCReference>
        <DCCReference Include="SLAMMLegend.pas">
            <Form>LegendForm</Form>
        </DCCReference>
        <DCCReference Include="GISOptions.pas">
            <Form>GISForm</Form>
        </DCCReference>
        <DCCReference Include="global.pas"/>
        <DCCReference Include="Profile.pas">
            <Form>ProfileForm</Form>
        </DCCReference>
        <DCCReference Include="slr6.pas"/>
        <DCCReference Include="Execute.pas">
            <Form>ExecuteOptionForm</Form>
        </DCCReference>
        <DCCReference Include="GLDraw.pas">
            <Form>Delphi3DForm</Form>
        </DCCReference>
        <DCCReference Include="OpenGL\Framework\DispMode.pas">
            <Form>DotDispModeDlg</Form>
        </DCCReference>
        <DCCReference Include="FileSetup.pas">
            <Form>FileSetupForm</Form>
        </DCCReference>
        <DCCReference Include="SalRuleEdit.pas">
            <Form>SalRuleForm</Form>
        </DCCReference>
        <DCCReference Include="SiteEdits.pas">
            <Form>SiteEdit</Form>
        </DCCReference>
        <DCCReference Include="Elev_Analysis.pas">
            <Form>ElevAnalysisForm</Form>
        </DCCReference>
        <DCCReference Include="FFForm.pas">
            <Form>SalinityForm</Form>
        </DCCReference>
        <DCCReference Include="ElevHistForm.pas">
            <Form>Elevation Histograms</Form>
        </DCCReference>
        <DCCReference Include="splash.pas">
            <Form>SplashForm</Form>
        </DCCReference>
        <DCCReference Include="Utility.pas"/>
        <DCCReference Include="UncertMain.pas">
            <Form>UncertForm</Form>
        </DCCReference>
        <DCCReference Include="uncertdefn.pas">
            <Form>,</Form>
        </DCCReference>
        <DCCReference Include="SensitivityRun.pas"/>
        <DCCReference Include="distedit.pas">
            <Form>DistributionForm</Form>
        </DCCReference>
        <DCCReference Include="selectinput.pas">
            <Form>SelInput</Form>
        </DCCReference>
        <DCCReference Include="Uncert.pas"/>
        <DCCReference Include="LatinHypercubeRun.pas"/>
        <DCCReference Include="legend2.pas">
            <Form>Legend2form</Form>
        </DCCReference>
        <DCCReference Include="copyclip.pas">
            <Form>CopyClipbd</Form>
        </DCCReference>
        <DCCReference Include="progress.pas">
            <Form>ProgForm</Form>
        </DCCReference>
        <DCCReference Include="stack.pas"/>
        <DCCReference Include="Infr_Form.pas">
            <Form>InfStructFileSetup</Form>
        </DCCReference>
        <DCCReference Include="SalArray.pas"/>
        <DCCReference Include="ExtraMapsOptions.pas">
            <Form>ExtraMapsForm</Form>
        </DCCReference>
        <DCCReference Include="SAVParams.pas">
            <Form>SAVParamForm</Form>
        </DCCReference>
        <DCCReference Include="FWFlowEdits.pas">
            <Form>FWFlowEdit</Form>
        </DCCReference>
        <DCCReference Include="RoadInundLegend.pas">
            <Form>RoadInundLegendForm</Form>
            <FormType>dfm</FormType>
        </DCCReference>
        <DCCReference Include="CustomSLRNew.pas">
            <Form>CustomSLRForm</Form>
            <FormType>dfm</FormType>
        </DCCReference>
        <DCCReference Include="NYSSLR.pas">
            <Form>NYSSLRForm</Form>
            <FormType>dfm</FormType>
        </DCCReference>
        <DCCReference Include="tcollect.pas"/>
        <DCCReference Include="Binary_Files.pas"/>
        <DCCReference Include="BufferTStream.pas"/>
        <DCCReference Include="Binary_Convert.pas">
            <Form>Binary_Conv_Form</Form>
            <FormType>dfm</FormType>
        </DCCReference>
        <DCCReference Include="SLAMMThreads.pas"/>
        <DCCReference Include="CalcDist.pas"/>
        <DCCReference Include="AccrGraph.pas">
            <Form>AccrGraphForm</Form>
        </DCCReference>
        <DCCReference Include="Infr_Data.pas"/>
        <DCCReference Include="SelectListUnit.pas">
            <Form>SelectListForm</Form>
            <FormType>dfm</FormType>
        </DCCReference>
        <DCCReference Include="Categories.pas"/>
        <DCCReference Include="WindRose.pas">
            <Form>WindForm</Form>
            <FormType>dfm</FormType>
        </DCCReference>
        <DCCReference Include="CarbonSeq.pas">
            <Form>CarbonSeqForm</Form>
        </DCCReference>
        <None Include="FracFresh.Inc"/>
        <None Include="Initx.Inc"/>
        <None Include="MSVArray.Inc"/>
        <None Include="ReadWrite.Inc"/>
        <None Include="SumFrac.Inc"/>
        <None Include="transfer.inc"/>
        <BuildConfiguration Include="Debug">
            <Key>Cfg_2</Key>
            <CfgParent>Base</CfgParent>
        </BuildConfiguration>
        <BuildConfiguration Include="Base">
            <Key>Base</Key>
        </BuildConfiguration>
        <BuildConfiguration Include="Release">
            <Key>Cfg_1</Key>
            <CfgParent>Base</CfgParent>
        </BuildConfiguration>
    </ItemGroup>
    <Import Project="$(APPDATA)\Embarcadero\$(BDSAPPDATABASEDIR)\$(PRODUCTVERSION)\UserTools.proj" Condition="Exists('$(APPDATA)\Embarcadero\$(BDSAPPDATABASEDIR)\$(PRODUCTVERSION)\UserTools.proj')"/>
    <Import Project="$(MSBuildProjectName).deployproj" Condition="Exists('$(MSBuildProjectName).deployproj')"/>
</Project>
